<?xml version="1.0" encoding="utf-8"?>
<Project ToolsVersion="4.0" xmlns="http://schemas.microsoft.com/developer/msbuild/2003">
  <ItemGroup>
    <ClCompile Include="buffer\marshal.cpp" />
    <ClCompile Include="crypto\base64.cpp" />
    <ClCompile Include="buffer\allocator.cpp" />
    <ClCompile Include="buffer\buffer_base.cpp" />
    <ClCompile Include="buffer\marker.cpp" />
    <ClCompile Include="buffer\memory_block.cpp" />
    <ClCompile Include="crypto\crc32.cpp" />
    <ClCompile Include="crypto\md5.cpp" />
    <ClCompile Include="crypto\seed.cpp" />
    <ClCompile Include="crypto\seed\SEED_KISA.cpp" />
    <ClCompile Include="crypto\sha1.cpp" />
    <ClCompile Include="device\display_win32.cpp" />
    <ClCompile Include="device\monitor_win32.cpp" />
    <ClCompile Include="io\engine_tcp_win32.cpp" />
    <ClCompile Include="io\engine_scheduler_win32.cpp" />
    <ClCompile Include="io\engine_scheduler_timer_win32.cpp" />
    <ClCompile Include="log\formatter\mb_string_formatter.cpp" />
    <ClCompile Include="log\writer\udp_writer.cpp" />
    <ClCompile Include="threading\auto_reset_event_win32.cpp" />
    <ClCompile Include="threading\mutex_win32.cpp" />
    <ClCompile Include="util\rtti.cpp" />
    <ClCompile Include="task\queue_timer_win32.cpp" />
    <ClCompile Include="task\timer_handler.cpp" />
    <ClCompile Include="util\conf.cpp" />
    <ClCompile Include="util\win32\env.cpp" />
    <ClCompile Include="util\win32\ini_file.cpp" />
    <ClCompile Include="util\win32\ini_key.cpp" />
    <ClCompile Include="util\win32\ini_section.cpp" />
    <ClCompile Include="util\win32\registry.cpp" />
    <ClCompile Include="util\win32\global_seh.cpp" />
    <ClCompile Include="util\win32\mini_dump_seh_handler.cpp" />
    <ClCompile Include="util\win32\mini_dump.cpp" />
    <ClCompile Include="error\error_tdk.cpp" />
    <ClCompile Include="error\last_error.cpp" />
    <ClCompile Include="error\error_platform.cpp" />
    <ClCompile Include="error\error_category_tdk.cpp" />
    <ClCompile Include="io\completion_port_win32.cpp" />
    <ClCompile Include="io\engine_win32.cpp" />
    <ClCompile Include="io\ip\address.cpp" />
    <ClCompile Include="io\ip\basic_socket.cpp" />
    <ClCompile Include="io\ip\socket.cpp" />
    <ClCompile Include="io\ip\tcp\operation\accept_operation_win32.cpp" />
    <ClCompile Include="io\ip\tcp\operation\connect_operation_win32.cpp" />
    <ClCompile Include="io\ip\tcp\operation\recv_operation_win32.cpp" />
    <ClCompile Include="io\ip\tcp\operation\send_operation_win32.cpp" />
    <ClCompile Include="io\ip\tcp\socket_win32.cpp" />
    <ClCompile Include="io\operation.cpp" />
    <ClCompile Include="log\category.cpp" />
    <ClCompile Include="log\formatter\formatter.cpp" />
    <ClCompile Include="log\formatter\string_formatter.cpp" />
    <ClCompile Include="log\logger.cpp" />
    <ClCompile Include="log\record.cpp" />
    <ClCompile Include="log\writer\console_writer.cpp" />
    <ClCompile Include="log\writer\file_writer.cpp" />
    <ClCompile Include="log\writer\writer.cpp" />
    <ClCompile Include="network\address.cpp" />
    <ClCompile Include="network\socket.cpp" />
    <ClCompile Include="util\win32\service.cpp" />
    <ClCompile Include="util\win32\service_manager.cpp" />
    <ClCompile Include="tdk.cpp" />
    <ClCompile Include="stdafx.cpp" />
    <ClCompile Include="threading\thread_data.cpp" />
    <ClCompile Include="time\ctime.cpp" />
    <ClCompile Include="time\date_time.cpp" />
    <ClCompile Include="time\tick.cpp" />
    <ClCompile Include="time\time_span.cpp" />
    <ClCompile Include="util\string_win32.cpp" />
    <ClCompile Include="alloc.cpp" />
    <ClCompile Include="error\error_category_platform.cpp" />
    <ClCompile Include="threading\spin_lock.cpp" />
    <ClCompile Include="threading\thread_local.cpp" />
    <ClCompile Include="io\buffer_adapter.cpp" />
  </ItemGroup>
  <ItemGroup>
    <ClInclude Include="buffer\array.hpp" />
    <ClInclude Include="buffer\marshal.hpp" />
    <ClInclude Include="crypto\base64.hpp" />
    <ClInclude Include="buffer\allocator.hpp" />
    <ClInclude Include="buffer\buffer_base.hpp" />
    <ClInclude Include="buffer\marker.hpp" />
    <ClInclude Include="buffer\memory_block.hpp" />
    <ClInclude Include="crypto\crc32.hpp" />
    <ClInclude Include="crypto\md5.hpp" />
    <ClInclude Include="crypto\seed.hpp" />
    <ClInclude Include="crypto\seed\SEED_KISA.hpp" />
    <ClInclude Include="crypto\sha1.hpp" />
    <ClInclude Include="device\display_win32.hpp" />
    <ClInclude Include="device\monitor_win32.hpp" />
    <ClInclude Include="geo.hpp" />
    <ClInclude Include="io\engine_detail.hpp" />
    <ClInclude Include="io\engine_scheduler_timer_win32.hpp" />
    <ClInclude Include="io\engine_scheduler_win32.hpp" />
    <ClInclude Include="io\operation_impl.hpp" />
    <ClInclude Include="log\formatter\mb_string_formatter.hpp" />
    <ClInclude Include="log\writer\udp_writer.hpp" />
    <ClInclude Include="threading\auto_reset_event_win32.hpp" />
    <ClInclude Include="threading\mutex_win32.hpp" />
    <ClInclude Include="util\rtti.hpp" />
    <ClInclude Include="task\queue_timer_win32.hpp" />
    <ClInclude Include="task\timer_handler.hpp" />
    <ClInclude Include="util\conf.hpp" />
    <ClInclude Include="util\singleton.hpp" />
    <ClInclude Include="util\win32\env.hpp" />
    <ClInclude Include="util\win32\ini_file.hpp" />
    <ClInclude Include="util\win32\ini_key.hpp" />
    <ClInclude Include="util\win32\ini_section.hpp" />
    <ClInclude Include="util\win32\registry.hpp" />
    <ClInclude Include="util\win32\global_seh.hpp" />
    <ClInclude Include="util\win32\mini_dump_seh_handler.hpp" />
    <ClInclude Include="util\win32\mini_dump.hpp" />
    <ClInclude Include="error\error_category_platform.hpp" />
    <ClInclude Include="error\last_error.hpp" />
    <ClInclude Include="error\error_platform.hpp" />
    <ClInclude Include="error\error_category_tdk.hpp" />
    <ClInclude Include="error\error_tdk.hpp" />
    <ClInclude Include="io\buffer_adapter.hpp" />
    <ClInclude Include="io\completion_port_win32.hpp" />
    <ClInclude Include="io\engine_win32.hpp" />
    <ClInclude Include="io\ip\address.hpp" />
    <ClInclude Include="io\ip\basic_socket.hpp" />
    <ClInclude Include="io\ip\socket.hpp" />
    <ClInclude Include="io\ip\tcp\operation\accept_operation_win32.hpp" />
    <ClInclude Include="io\ip\tcp\operation\connect_operation_win32.hpp" />
    <ClInclude Include="io\ip\tcp\operation\recv_operation_win32.hpp" />
    <ClInclude Include="io\ip\tcp\operation\send_operation_win32.hpp" />
    <ClInclude Include="io\ip\tcp\socket_win32.hpp" />
    <ClInclude Include="io\operation.hpp" />
    <ClInclude Include="log\category.hpp" />
    <ClInclude Include="log\formatter\formatter.hpp" />
    <ClInclude Include="log\formatter\string_formatter.hpp" />
    <ClInclude Include="log\logger.hpp" />
    <ClInclude Include="log\record.hpp" />
    <ClInclude Include="log\writer\console_writer.hpp" />
    <ClInclude Include="log\writer\file_writer.hpp" />
    <ClInclude Include="log\writer\writer.hpp" />
    <ClInclude Include="network\address.hpp" />
    <ClInclude Include="network\socket.hpp" />
    <ClInclude Include="util\win32\service.hpp" />
    <ClInclude Include="util\win32\service_manager.hpp" />
    <ClInclude Include="task\handler.hpp" />
    <ClInclude Include="tdk.hpp" />
    <ClInclude Include="stdafx.h" />
    <ClInclude Include="targetver.h" />
    <ClInclude Include="threading\spin_lock.hpp" />
    <ClInclude Include="threading\thread_data.hpp" />
    <ClInclude Include="threading\thread_local.hpp" />
    <ClInclude Include="time\ctime.hpp" />
    <ClInclude Include="time\date_time.hpp" />
    <ClInclude Include="time\tick.hpp" />
    <ClInclude Include="time\time_span.hpp" />
    <ClInclude Include="util\list_node.hpp" />
    <ClInclude Include="util\rc_ptr.hpp" />
    <ClInclude Include="util\string.hpp" />
    <ClInclude Include="alloc.hpp" />
    <ClInclude Include="tmp\compile_time_error.hpp" />
    <ClInclude Include="util\initializer.hpp" />
  </ItemGroup>
  <ItemGroup>
    <None Include="crypto\seed\SEED_KISA.tab" />
  </ItemGroup>
</Project>