<?xml version="1.0" encoding="utf-8"?>
<Project ToolsVersion="4.0" xmlns="http://schemas.microsoft.com/developer/msbuild/2003">
  <ItemGroup>
    <Filter Include="Source Files">
      <UniqueIdentifier>{4FC737F1-C7A5-4376-A066-2A32D752A2FF}</UniqueIdentifier>
      <Extensions>cpp;c;cc;cxx;def;odl;idl;hpj;bat;asm;asmx</Extensions>
    </Filter>
    <Filter Include="Header Files">
      <UniqueIdentifier>{93995380-89BD-4b04-88EB-625FBE52EBFB}</UniqueIdentifier>
      <Extensions>h;hpp;hxx;hm;inl;inc;xsd</Extensions>
    </Filter>
    <Filter Include="Resource Files">
      <UniqueIdentifier>{67DA6AB6-F800-4c08-8B7A-83BB121AAD01}</UniqueIdentifier>
      <Extensions>rc;ico;cur;bmp;dlg;rc2;rct;bin;rgs;gif;jpg;jpeg;jpe;resx;tiff;tif;png;wav;mfcribbon-ms</Extensions>
    </Filter>
  </ItemGroup>
  <ItemGroup>
    <ClInclude Include="stdafx.h">
      <Filter>Header Files</Filter>
    </ClInclude>
    <ClInclude Include="targetver.h">
      <Filter>Header Files</Filter>
    </ClInclude>
    <ClInclude Include="util\string.hpp">
      <Filter>Header Files</Filter>
    </ClInclude>
    <ClInclude Include="tdk.hpp">
      <Filter>Header Files</Filter>
    </ClInclude>
    <ClInclude Include="time\ctime.hpp">
      <Filter>Header Files</Filter>
    </ClInclude>
    <ClInclude Include="time\date_time.hpp">
      <Filter>Header Files</Filter>
    </ClInclude>
    <ClInclude Include="time\tick.hpp">
      <Filter>Header Files</Filter>
    </ClInclude>
    <ClInclude Include="time\time_span.hpp">
      <Filter>Header Files</Filter>
    </ClInclude>
    <ClInclude Include="threading\atomic\atomic.hpp">
      <Filter>Header Files</Filter>
    </ClInclude>
    <ClInclude Include="threading\atomic\memory_order.hpp">
      <Filter>Header Files</Filter>
    </ClInclude>
    <ClInclude Include="threading\spin_lock.hpp">
      <Filter>Header Files</Filter>
    </ClInclude>
    <ClInclude Include="task\handler.hpp">
      <Filter>Header Files</Filter>
    </ClInclude>
    <ClInclude Include="log\category.hpp">
      <Filter>Header Files</Filter>
    </ClInclude>
    <ClInclude Include="log\record.hpp">
      <Filter>Header Files</Filter>
    </ClInclude>
    <ClInclude Include="log\logger.hpp">
      <Filter>Header Files</Filter>
    </ClInclude>
    <ClInclude Include="buffer\allocator.hpp">
      <Filter>Header Files</Filter>
    </ClInclude>
    <ClInclude Include="buffer\memory_block.hpp">
      <Filter>Header Files</Filter>
    </ClInclude>
    <ClInclude Include="buffer\marker.hpp">
      <Filter>Header Files</Filter>
    </ClInclude>
    <ClInclude Include="buffer\buffer_base.hpp">
      <Filter>Header Files</Filter>
    </ClInclude>
    <ClInclude Include="log\formatter\formatter.hpp">
      <Filter>Header Files</Filter>
    </ClInclude>
    <ClInclude Include="log\formatter\string_formatter.hpp">
      <Filter>Header Files</Filter>
    </ClInclude>
    <ClInclude Include="log\writer\writer.hpp">
      <Filter>Header Files</Filter>
    </ClInclude>
    <ClInclude Include="log\writer\console_writer.hpp">
      <Filter>Header Files</Filter>
    </ClInclude>
    <ClInclude Include="network\address.hpp">
      <Filter>Header Files</Filter>
    </ClInclude>
    <ClInclude Include="network\socket.hpp">
      <Filter>Header Files</Filter>
    </ClInclude>
    <ClInclude Include="error\last_error.hpp">
      <Filter>Header Files</Filter>
    </ClInclude>
    <ClInclude Include="threading\thread_local.hpp">
      <Filter>Header Files</Filter>
    </ClInclude>
    <ClInclude Include="threading\thread_data.hpp">
      <Filter>Header Files</Filter>
    </ClInclude>
    <ClInclude Include="error\error_code.hpp">
      <Filter>Header Files</Filter>
    </ClInclude>
    <ClInclude Include="error\error_category.hpp">
      <Filter>Header Files</Filter>
    </ClInclude>
    <ClInclude Include="threading\thread.hpp">
      <Filter>Header Files</Filter>
    </ClInclude>
    <ClInclude Include="util\list_node.hpp">
      <Filter>Header Files</Filter>
    </ClInclude>
    <ClInclude Include="util\rc_ptr.hpp">
      <Filter>Header Files</Filter>
    </ClInclude>
    <ClInclude Include="log\writer\file_writer.hpp">
      <Filter>Header Files</Filter>
    </ClInclude>
    <ClInclude Include="error\error_category_tdk.hpp">
      <Filter>Header Files</Filter>
    </ClInclude>
    <ClInclude Include="error\error_category_platform.hpp">
      <Filter>Header Files</Filter>
    </ClInclude>
    <ClInclude Include="io\handler.hpp">
      <Filter>Header Files</Filter>
    </ClInclude>
    <ClInclude Include="io\network\address.hpp">
      <Filter>Header Files</Filter>
    </ClInclude>
    <ClInclude Include="io\network\socket.hpp">
      <Filter>Header Files</Filter>
    </ClInclude>
    <ClInclude Include="io\completion_port_win32.hpp">
      <Filter>Header Files</Filter>
    </ClInclude>
    <ClInclude Include="error\error_tdk.hpp">
      <Filter>Header Files</Filter>
    </ClInclude>
    <ClInclude Include="error\error_platform.hpp">
      <Filter>Header Files</Filter>
    </ClInclude>
  </ItemGroup>
  <ItemGroup>
    <ClCompile Include="stdafx.cpp">
      <Filter>Source Files</Filter>
    </ClCompile>
    <ClCompile Include="time\ctime.cpp">
      <Filter>Source Files</Filter>
    </ClCompile>
    <ClCompile Include="time\date_time.cpp">
      <Filter>Source Files</Filter>
    </ClCompile>
    <ClCompile Include="time\tick.cpp">
      <Filter>Source Files</Filter>
    </ClCompile>
    <ClCompile Include="time\time_span.cpp">
      <Filter>Source Files</Filter>
    </ClCompile>
    <ClCompile Include="threading\atomic\memory_order_win32.cpp">
      <Filter>Source Files</Filter>
    </ClCompile>
    <ClCompile Include="util\string_win32.cpp">
      <Filter>Source Files</Filter>
    </ClCompile>
    <ClCompile Include="log\category.cpp">
      <Filter>Source Files</Filter>
    </ClCompile>
    <ClCompile Include="log\record.cpp">
      <Filter>Source Files</Filter>
    </ClCompile>
    <ClCompile Include="log\logger.cpp">
      <Filter>Source Files</Filter>
    </ClCompile>
    <ClCompile Include="buffer\allocator.cpp">
      <Filter>Source Files</Filter>
    </ClCompile>
    <ClCompile Include="buffer\marker.cpp">
      <Filter>Source Files</Filter>
    </ClCompile>
    <ClCompile Include="buffer\memory_block.cpp">
      <Filter>Source Files</Filter>
    </ClCompile>
    <ClCompile Include="buffer\buffer_base.cpp">
      <Filter>Source Files</Filter>
    </ClCompile>
    <ClCompile Include="log\formatter\formatter.cpp">
      <Filter>Source Files</Filter>
    </ClCompile>
    <ClCompile Include="log\formatter\string_formatter.cpp">
      <Filter>Source Files</Filter>
    </ClCompile>
    <ClCompile Include="log\writer\writer.cpp">
      <Filter>Source Files</Filter>
    </ClCompile>
    <ClCompile Include="log\writer\console_writer.cpp">
      <Filter>Source Files</Filter>
    </ClCompile>
    <ClCompile Include="network\address.cpp">
      <Filter>Source Files</Filter>
    </ClCompile>
    <ClCompile Include="tdk.cpp">
      <Filter>Source Files</Filter>
    </ClCompile>
    <ClCompile Include="network\socket.cpp">
      <Filter>Source Files</Filter>
    </ClCompile>
    <ClCompile Include="error\last_error.cpp">
      <Filter>Source Files</Filter>
    </ClCompile>
    <ClCompile Include="threading\thread_data.cpp">
      <Filter>Source Files</Filter>
    </ClCompile>
    <ClCompile Include="error\error_code.cpp">
      <Filter>Source Files</Filter>
    </ClCompile>
    <ClCompile Include="error\error_category.cpp">
      <Filter>Source Files</Filter>
    </ClCompile>
    <ClCompile Include="log\writer\file_writer.cpp">
      <Filter>Source Files</Filter>
    </ClCompile>
    <ClCompile Include="error\error_category_tdk.cpp">
      <Filter>Source Files</Filter>
    </ClCompile>
    <ClCompile Include="error\error_category_platform_win32.cpp">
      <Filter>Source Files</Filter>
    </ClCompile>
    <ClCompile Include="threading\atomic\atomic_win32.cpp">
      <Filter>Source Files</Filter>
    </ClCompile>
    <ClCompile Include="threading\spin_lock_win32.cpp">
      <Filter>Source Files</Filter>
    </ClCompile>
    <ClCompile Include="threading\thread_local_win32.cpp">
      <Filter>Source Files</Filter>
    </ClCompile>
    <ClCompile Include="threading\thread_win32.cpp">
      <Filter>Source Files</Filter>
    </ClCompile>
    <ClCompile Include="io\network\address.cpp">
      <Filter>Source Files</Filter>
    </ClCompile>
    <ClCompile Include="io\network\socket.cpp">
      <Filter>Source Files</Filter>
    </ClCompile>
    <ClCompile Include="io\completion_port_win32.cpp">
      <Filter>Source Files</Filter>
    </ClCompile>
    <ClCompile Include="io\handler.cpp">
      <Filter>Source Files</Filter>
    </ClCompile>
    <ClCompile Include="error\error_tdk.cpp">
      <Filter>Source Files</Filter>
    </ClCompile>
    <ClCompile Include="error\error_platform.cpp">
      <Filter>Source Files</Filter>
    </ClCompile>
    <ClCompile Include="error\error_platform_win32.cpp">
      <Filter>Source Files</Filter>
    </ClCompile>
  </ItemGroup>
</Project>