
Microsoft Visual Studio Solution File, Format Version 12.00
# Visual Studio 2012
Project("{8BC9CEB8-8B4A-11D0-8D11-00A0C91BC942}") = "tdk", "tdk\tdk.vcxproj", "{E0493485-14CA-4053-B197-0E05E1B7A17A}"
EndProject
Project("{2150E333-8FDC-42A3-9474-1A3956D46DE8}") = "tdk", "tdk", "{AF45FA5A-2D5D-4A28-8915-FCC80CA7719D}"
EndProject
Project("{2150E333-8FDC-42A3-9474-1A3956D46DE8}") = "tests", "tests", "{B2817DC1-3338-49C2-BADF-3F1EDD2B17CD}"
EndProject
Project("{8BC9CEB8-8B4A-11D0-8D11-00A0C91BC942}") = "tdk.adodb", "tdk.adodb\tdk.adodb.vcxproj", "{75D39343-F18B-4E10-AEEB-8A58E136CC87}"
EndProject
Project("{8BC9CEB8-8B4A-11D0-8D11-00A0C91BC942}") = "tdk.clr", "tdk.clr\tdk.clr.vcxproj", "{B54EA48B-F6A5-4B24-8248-52FE134BB25A}"
	ProjectSection(ProjectDependencies) = postProject
		{E0493485-14CA-4053-B197-0E05E1B7A17A} = {E0493485-14CA-4053-B197-0E05E1B7A17A}
	EndProjectSection
EndProject
Project("{FAE04EC0-301F-11D3-BF4B-00C04F79EFBC}") = "tdk.net", "tdk.net\tdk.net.csproj", "{C7176B4B-E214-4D12-8A88-F680504F0493}"
EndProject
Project("{2150E333-8FDC-42A3-9474-1A3956D46DE8}") = "win32", "win32", "{2E8ECDA0-10EE-4C67-A3AD-CD751CDBA285}"
EndProject
Project("{8BC9CEB8-8B4A-11D0-8D11-00A0C91BC942}") = "test.vftable.vs.functionptr", "test.vftable.vs.functionptr\test.vftable.vs.functionptr.vcxproj", "{244FAA45-FEAE-4CCC-A7B0-95B671E263C4}"
EndProject
Project("{8BC9CEB8-8B4A-11D0-8D11-00A0C91BC942}") = "new_features", "new_features\new_features.vcxproj", "{C3BF632E-49C2-4392-8A4A-E4F89CAE1A07}"
EndProject
Project("{8BC9CEB8-8B4A-11D0-8D11-00A0C91BC942}") = "test.tdk", "test.tdk\test.tdk.vcxproj", "{47027A66-6BDB-486A-BA94-D90DA0AD5636}"
EndProject
Global
	GlobalSection(SolutionConfigurationPlatforms) = preSolution
		Debug_MDd|Any CPU = Debug_MDd|Any CPU
		Debug_MDd|Mixed Platforms = Debug_MDd|Mixed Platforms
		Debug_MDd|Win32 = Debug_MDd|Win32
		Debug_MTd|Any CPU = Debug_MTd|Any CPU
		Debug_MTd|Mixed Platforms = Debug_MTd|Mixed Platforms
		Debug_MTd|Win32 = Debug_MTd|Win32
		Debug|Any CPU = Debug|Any CPU
		Debug|Mixed Platforms = Debug|Mixed Platforms
		Debug|Win32 = Debug|Win32
		Release_MD|Any CPU = Release_MD|Any CPU
		Release_MD|Mixed Platforms = Release_MD|Mixed Platforms
		Release_MD|Win32 = Release_MD|Win32
		Release_MT|Any CPU = Release_MT|Any CPU
		Release_MT|Mixed Platforms = Release_MT|Mixed Platforms
		Release_MT|Win32 = Release_MT|Win32
		Release|Any CPU = Release|Any CPU
		Release|Mixed Platforms = Release|Mixed Platforms
		Release|Win32 = Release|Win32
	EndGlobalSection
	GlobalSection(ProjectConfigurationPlatforms) = postSolution
		{E0493485-14CA-4053-B197-0E05E1B7A17A}.Debug_MDd|Any CPU.ActiveCfg = Debug_MDd|x64
		{E0493485-14CA-4053-B197-0E05E1B7A17A}.Debug_MDd|Any CPU.Build.0 = Debug_MDd|x64
		{E0493485-14CA-4053-B197-0E05E1B7A17A}.Debug_MDd|Mixed Platforms.ActiveCfg = Debug_MDd|Win32
		{E0493485-14CA-4053-B197-0E05E1B7A17A}.Debug_MDd|Mixed Platforms.Build.0 = Debug_MDd|Win32
		{E0493485-14CA-4053-B197-0E05E1B7A17A}.Debug_MDd|Win32.ActiveCfg = Debug_MDd|Win32
		{E0493485-14CA-4053-B197-0E05E1B7A17A}.Debug_MDd|Win32.Build.0 = Debug_MDd|Win32
		{E0493485-14CA-4053-B197-0E05E1B7A17A}.Debug_MTd|Any CPU.ActiveCfg = Debug_MTd|Win32
		{E0493485-14CA-4053-B197-0E05E1B7A17A}.Debug_MTd|Any CPU.Build.0 = Debug_MTd|Win32
		{E0493485-14CA-4053-B197-0E05E1B7A17A}.Debug_MTd|Mixed Platforms.ActiveCfg = Debug_MTd|Win32
		{E0493485-14CA-4053-B197-0E05E1B7A17A}.Debug_MTd|Mixed Platforms.Build.0 = Debug_MTd|Win32
		{E0493485-14CA-4053-B197-0E05E1B7A17A}.Debug_MTd|Win32.ActiveCfg = Debug_MTd|Win32
		{E0493485-14CA-4053-B197-0E05E1B7A17A}.Debug_MTd|Win32.Build.0 = Debug_MTd|Win32
		{E0493485-14CA-4053-B197-0E05E1B7A17A}.Debug|Any CPU.ActiveCfg = Debug|Win32
		{E0493485-14CA-4053-B197-0E05E1B7A17A}.Debug|Mixed Platforms.ActiveCfg = Debug|x64
		{E0493485-14CA-4053-B197-0E05E1B7A17A}.Debug|Mixed Platforms.Build.0 = Debug|x64
		{E0493485-14CA-4053-B197-0E05E1B7A17A}.Debug|Win32.ActiveCfg = Debug|Win32
		{E0493485-14CA-4053-B197-0E05E1B7A17A}.Debug|Win32.Build.0 = Debug|Win32
		{E0493485-14CA-4053-B197-0E05E1B7A17A}.Release_MD|Any CPU.ActiveCfg = Release_MD|x64
		{E0493485-14CA-4053-B197-0E05E1B7A17A}.Release_MD|Any CPU.Build.0 = Release_MD|x64
		{E0493485-14CA-4053-B197-0E05E1B7A17A}.Release_MD|Mixed Platforms.ActiveCfg = Release_MD|Win32
		{E0493485-14CA-4053-B197-0E05E1B7A17A}.Release_MD|Mixed Platforms.Build.0 = Release_MD|Win32
		{E0493485-14CA-4053-B197-0E05E1B7A17A}.Release_MD|Win32.ActiveCfg = Release_MD|Win32
		{E0493485-14CA-4053-B197-0E05E1B7A17A}.Release_MD|Win32.Build.0 = Release_MD|Win32
		{E0493485-14CA-4053-B197-0E05E1B7A17A}.Release_MT|Any CPU.ActiveCfg = Release_MT|x64
		{E0493485-14CA-4053-B197-0E05E1B7A17A}.Release_MT|Any CPU.Build.0 = Release_MT|x64
		{E0493485-14CA-4053-B197-0E05E1B7A17A}.Release_MT|Mixed Platforms.ActiveCfg = Release_MT|Win32
		{E0493485-14CA-4053-B197-0E05E1B7A17A}.Release_MT|Mixed Platforms.Build.0 = Release_MT|Win32
		{E0493485-14CA-4053-B197-0E05E1B7A17A}.Release_MT|Win32.ActiveCfg = Release_MT|Win32
		{E0493485-14CA-4053-B197-0E05E1B7A17A}.Release_MT|Win32.Build.0 = Release_MT|Win32
		{E0493485-14CA-4053-B197-0E05E1B7A17A}.Release|Any CPU.ActiveCfg = Release|Win32
		{E0493485-14CA-4053-B197-0E05E1B7A17A}.Release|Mixed Platforms.ActiveCfg = Release|Win32
		{E0493485-14CA-4053-B197-0E05E1B7A17A}.Release|Mixed Platforms.Build.0 = Release|Win32
		{E0493485-14CA-4053-B197-0E05E1B7A17A}.Release|Win32.ActiveCfg = Release|Win32
		{E0493485-14CA-4053-B197-0E05E1B7A17A}.Release|Win32.Build.0 = Release|Win32
		{75D39343-F18B-4E10-AEEB-8A58E136CC87}.Debug_MDd|Any CPU.ActiveCfg = Debug|Win32
		{75D39343-F18B-4E10-AEEB-8A58E136CC87}.Debug_MDd|Mixed Platforms.ActiveCfg = Debug|Win32
		{75D39343-F18B-4E10-AEEB-8A58E136CC87}.Debug_MDd|Mixed Platforms.Build.0 = Debug|Win32
		{75D39343-F18B-4E10-AEEB-8A58E136CC87}.Debug_MDd|Win32.ActiveCfg = Debug|Win32
		{75D39343-F18B-4E10-AEEB-8A58E136CC87}.Debug_MDd|Win32.Build.0 = Debug|Win32
		{75D39343-F18B-4E10-AEEB-8A58E136CC87}.Debug_MTd|Any CPU.ActiveCfg = Debug|Win32
		{75D39343-F18B-4E10-AEEB-8A58E136CC87}.Debug_MTd|Mixed Platforms.ActiveCfg = Debug|Win32
		{75D39343-F18B-4E10-AEEB-8A58E136CC87}.Debug_MTd|Mixed Platforms.Build.0 = Debug|Win32
		{75D39343-F18B-4E10-AEEB-8A58E136CC87}.Debug_MTd|Win32.ActiveCfg = Debug|Win32
		{75D39343-F18B-4E10-AEEB-8A58E136CC87}.Debug_MTd|Win32.Build.0 = Debug|Win32
		{75D39343-F18B-4E10-AEEB-8A58E136CC87}.Debug|Any CPU.ActiveCfg = Debug|Win32
		{75D39343-F18B-4E10-AEEB-8A58E136CC87}.Debug|Mixed Platforms.ActiveCfg = Debug|Win32
		{75D39343-F18B-4E10-AEEB-8A58E136CC87}.Debug|Mixed Platforms.Build.0 = Debug|Win32
		{75D39343-F18B-4E10-AEEB-8A58E136CC87}.Debug|Win32.ActiveCfg = Debug|Win32
		{75D39343-F18B-4E10-AEEB-8A58E136CC87}.Debug|Win32.Build.0 = Debug|Win32
		{75D39343-F18B-4E10-AEEB-8A58E136CC87}.Release_MD|Any CPU.ActiveCfg = Release|Win32
		{75D39343-F18B-4E10-AEEB-8A58E136CC87}.Release_MD|Mixed Platforms.ActiveCfg = Release|Win32
		{75D39343-F18B-4E10-AEEB-8A58E136CC87}.Release_MD|Mixed Platforms.Build.0 = Release|Win32
		{75D39343-F18B-4E10-AEEB-8A58E136CC87}.Release_MD|Win32.ActiveCfg = Release|Win32
		{75D39343-F18B-4E10-AEEB-8A58E136CC87}.Release_MD|Win32.Build.0 = Release|Win32
		{75D39343-F18B-4E10-AEEB-8A58E136CC87}.Release_MT|Any CPU.ActiveCfg = Release|Win32
		{75D39343-F18B-4E10-AEEB-8A58E136CC87}.Release_MT|Mixed Platforms.ActiveCfg = Release|Win32
		{75D39343-F18B-4E10-AEEB-8A58E136CC87}.Release_MT|Mixed Platforms.Build.0 = Release|Win32
		{75D39343-F18B-4E10-AEEB-8A58E136CC87}.Release_MT|Win32.ActiveCfg = Release|Win32
		{75D39343-F18B-4E10-AEEB-8A58E136CC87}.Release_MT|Win32.Build.0 = Release|Win32
		{75D39343-F18B-4E10-AEEB-8A58E136CC87}.Release|Any CPU.ActiveCfg = Release|Win32
		{75D39343-F18B-4E10-AEEB-8A58E136CC87}.Release|Mixed Platforms.ActiveCfg = Release|Win32
		{75D39343-F18B-4E10-AEEB-8A58E136CC87}.Release|Mixed Platforms.Build.0 = Release|Win32
		{75D39343-F18B-4E10-AEEB-8A58E136CC87}.Release|Win32.ActiveCfg = Release|Win32
		{75D39343-F18B-4E10-AEEB-8A58E136CC87}.Release|Win32.Build.0 = Release|Win32
		{B54EA48B-F6A5-4B24-8248-52FE134BB25A}.Debug_MDd|Any CPU.ActiveCfg = Debug|Win32
		{B54EA48B-F6A5-4B24-8248-52FE134BB25A}.Debug_MDd|Mixed Platforms.ActiveCfg = Debug|Win32
		{B54EA48B-F6A5-4B24-8248-52FE134BB25A}.Debug_MDd|Mixed Platforms.Build.0 = Debug|Win32
		{B54EA48B-F6A5-4B24-8248-52FE134BB25A}.Debug_MDd|Win32.ActiveCfg = Debug|Win32
		{B54EA48B-F6A5-4B24-8248-52FE134BB25A}.Debug_MDd|Win32.Build.0 = Debug|Win32
		{B54EA48B-F6A5-4B24-8248-52FE134BB25A}.Debug_MTd|Any CPU.ActiveCfg = Debug|Win32
		{B54EA48B-F6A5-4B24-8248-52FE134BB25A}.Debug_MTd|Mixed Platforms.ActiveCfg = Debug|Win32
		{B54EA48B-F6A5-4B24-8248-52FE134BB25A}.Debug_MTd|Mixed Platforms.Build.0 = Debug|Win32
		{B54EA48B-F6A5-4B24-8248-52FE134BB25A}.Debug_MTd|Win32.ActiveCfg = Debug|Win32
		{B54EA48B-F6A5-4B24-8248-52FE134BB25A}.Debug_MTd|Win32.Build.0 = Debug|Win32
		{B54EA48B-F6A5-4B24-8248-52FE134BB25A}.Debug|Any CPU.ActiveCfg = Debug|Win32
		{B54EA48B-F6A5-4B24-8248-52FE134BB25A}.Debug|Mixed Platforms.ActiveCfg = Debug|Win32
		{B54EA48B-F6A5-4B24-8248-52FE134BB25A}.Debug|Mixed Platforms.Build.0 = Debug|Win32
		{B54EA48B-F6A5-4B24-8248-52FE134BB25A}.Debug|Win32.ActiveCfg = Debug|Win32
		{B54EA48B-F6A5-4B24-8248-52FE134BB25A}.Debug|Win32.Build.0 = Debug|Win32
		{B54EA48B-F6A5-4B24-8248-52FE134BB25A}.Release_MD|Any CPU.ActiveCfg = Release|Win32
		{B54EA48B-F6A5-4B24-8248-52FE134BB25A}.Release_MD|Mixed Platforms.ActiveCfg = Release|Win32
		{B54EA48B-F6A5-4B24-8248-52FE134BB25A}.Release_MD|Mixed Platforms.Build.0 = Release|Win32
		{B54EA48B-F6A5-4B24-8248-52FE134BB25A}.Release_MD|Win32.ActiveCfg = Release|Win32
		{B54EA48B-F6A5-4B24-8248-52FE134BB25A}.Release_MD|Win32.Build.0 = Release|Win32
		{B54EA48B-F6A5-4B24-8248-52FE134BB25A}.Release_MT|Any CPU.ActiveCfg = Release|Win32
		{B54EA48B-F6A5-4B24-8248-52FE134BB25A}.Release_MT|Mixed Platforms.ActiveCfg = Release|Win32
		{B54EA48B-F6A5-4B24-8248-52FE134BB25A}.Release_MT|Mixed Platforms.Build.0 = Release|Win32
		{B54EA48B-F6A5-4B24-8248-52FE134BB25A}.Release_MT|Win32.ActiveCfg = Release|Win32
		{B54EA48B-F6A5-4B24-8248-52FE134BB25A}.Release_MT|Win32.Build.0 = Release|Win32
		{B54EA48B-F6A5-4B24-8248-52FE134BB25A}.Release|Any CPU.ActiveCfg = Release|Win32
		{B54EA48B-F6A5-4B24-8248-52FE134BB25A}.Release|Mixed Platforms.ActiveCfg = Release|Win32
		{B54EA48B-F6A5-4B24-8248-52FE134BB25A}.Release|Mixed Platforms.Build.0 = Release|Win32
		{B54EA48B-F6A5-4B24-8248-52FE134BB25A}.Release|Win32.ActiveCfg = Release|Win32
		{B54EA48B-F6A5-4B24-8248-52FE134BB25A}.Release|Win32.Build.0 = Release|Win32
		{C7176B4B-E214-4D12-8A88-F680504F0493}.Debug_MDd|Any CPU.ActiveCfg = Debug|Any CPU
		{C7176B4B-E214-4D12-8A88-F680504F0493}.Debug_MDd|Any CPU.Build.0 = Debug|Any CPU
		{C7176B4B-E214-4D12-8A88-F680504F0493}.Debug_MDd|Mixed Platforms.ActiveCfg = Debug|Any CPU
		{C7176B4B-E214-4D12-8A88-F680504F0493}.Debug_MDd|Mixed Platforms.Build.0 = Debug|Any CPU
		{C7176B4B-E214-4D12-8A88-F680504F0493}.Debug_MDd|Win32.ActiveCfg = Debug|Any CPU
		{C7176B4B-E214-4D12-8A88-F680504F0493}.Debug_MTd|Any CPU.ActiveCfg = Debug|Any CPU
		{C7176B4B-E214-4D12-8A88-F680504F0493}.Debug_MTd|Any CPU.Build.0 = Debug|Any CPU
		{C7176B4B-E214-4D12-8A88-F680504F0493}.Debug_MTd|Mixed Platforms.ActiveCfg = Debug|Any CPU
		{C7176B4B-E214-4D12-8A88-F680504F0493}.Debug_MTd|Mixed Platforms.Build.0 = Debug|Any CPU
		{C7176B4B-E214-4D12-8A88-F680504F0493}.Debug_MTd|Win32.ActiveCfg = Debug|Any CPU
		{C7176B4B-E214-4D12-8A88-F680504F0493}.Debug|Any CPU.ActiveCfg = Debug|Any CPU
		{C7176B4B-E214-4D12-8A88-F680504F0493}.Debug|Any CPU.Build.0 = Debug|Any CPU
		{C7176B4B-E214-4D12-8A88-F680504F0493}.Debug|Mixed Platforms.ActiveCfg = Debug|Any CPU
		{C7176B4B-E214-4D12-8A88-F680504F0493}.Debug|Mixed Platforms.Build.0 = Debug|Any CPU
		{C7176B4B-E214-4D12-8A88-F680504F0493}.Debug|Win32.ActiveCfg = Debug|Any CPU
		{C7176B4B-E214-4D12-8A88-F680504F0493}.Debug|Win32.Build.0 = Debug|Any CPU
		{C7176B4B-E214-4D12-8A88-F680504F0493}.Release_MD|Any CPU.ActiveCfg = Release|Any CPU
		{C7176B4B-E214-4D12-8A88-F680504F0493}.Release_MD|Any CPU.Build.0 = Release|Any CPU
		{C7176B4B-E214-4D12-8A88-F680504F0493}.Release_MD|Mixed Platforms.ActiveCfg = Release|Any CPU
		{C7176B4B-E214-4D12-8A88-F680504F0493}.Release_MD|Mixed Platforms.Build.0 = Release|Any CPU
		{C7176B4B-E214-4D12-8A88-F680504F0493}.Release_MD|Win32.ActiveCfg = Release|Any CPU
		{C7176B4B-E214-4D12-8A88-F680504F0493}.Release_MT|Any CPU.ActiveCfg = Release|Any CPU
		{C7176B4B-E214-4D12-8A88-F680504F0493}.Release_MT|Any CPU.Build.0 = Release|Any CPU
		{C7176B4B-E214-4D12-8A88-F680504F0493}.Release_MT|Mixed Platforms.ActiveCfg = Release|Any CPU
		{C7176B4B-E214-4D12-8A88-F680504F0493}.Release_MT|Mixed Platforms.Build.0 = Release|Any CPU
		{C7176B4B-E214-4D12-8A88-F680504F0493}.Release_MT|Win32.ActiveCfg = Release|Any CPU
		{C7176B4B-E214-4D12-8A88-F680504F0493}.Release|Any CPU.ActiveCfg = Release|Any CPU
		{C7176B4B-E214-4D12-8A88-F680504F0493}.Release|Any CPU.Build.0 = Release|Any CPU
		{C7176B4B-E214-4D12-8A88-F680504F0493}.Release|Mixed Platforms.ActiveCfg = Release|Any CPU
		{C7176B4B-E214-4D12-8A88-F680504F0493}.Release|Mixed Platforms.Build.0 = Release|Any CPU
		{C7176B4B-E214-4D12-8A88-F680504F0493}.Release|Win32.ActiveCfg = Release|Any CPU
		{244FAA45-FEAE-4CCC-A7B0-95B671E263C4}.Debug_MDd|Any CPU.ActiveCfg = Debug|Win32
		{244FAA45-FEAE-4CCC-A7B0-95B671E263C4}.Debug_MDd|Mixed Platforms.ActiveCfg = Debug|Win32
		{244FAA45-FEAE-4CCC-A7B0-95B671E263C4}.Debug_MDd|Mixed Platforms.Build.0 = Debug|Win32
		{244FAA45-FEAE-4CCC-A7B0-95B671E263C4}.Debug_MDd|Win32.ActiveCfg = Debug|Win32
		{244FAA45-FEAE-4CCC-A7B0-95B671E263C4}.Debug_MDd|Win32.Build.0 = Debug|Win32
		{244FAA45-FEAE-4CCC-A7B0-95B671E263C4}.Debug_MTd|Any CPU.ActiveCfg = Debug|Win32
		{244FAA45-FEAE-4CCC-A7B0-95B671E263C4}.Debug_MTd|Mixed Platforms.ActiveCfg = Debug|Win32
		{244FAA45-FEAE-4CCC-A7B0-95B671E263C4}.Debug_MTd|Mixed Platforms.Build.0 = Debug|Win32
		{244FAA45-FEAE-4CCC-A7B0-95B671E263C4}.Debug_MTd|Win32.ActiveCfg = Debug|Win32
		{244FAA45-FEAE-4CCC-A7B0-95B671E263C4}.Debug_MTd|Win32.Build.0 = Debug|Win32
		{244FAA45-FEAE-4CCC-A7B0-95B671E263C4}.Debug|Any CPU.ActiveCfg = Debug|Win32
		{244FAA45-FEAE-4CCC-A7B0-95B671E263C4}.Debug|Mixed Platforms.ActiveCfg = Debug|Win32
		{244FAA45-FEAE-4CCC-A7B0-95B671E263C4}.Debug|Mixed Platforms.Build.0 = Debug|Win32
		{244FAA45-FEAE-4CCC-A7B0-95B671E263C4}.Debug|Win32.ActiveCfg = Debug|Win32
		{244FAA45-FEAE-4CCC-A7B0-95B671E263C4}.Debug|Win32.Build.0 = Debug|Win32
		{244FAA45-FEAE-4CCC-A7B0-95B671E263C4}.Release_MD|Any CPU.ActiveCfg = Release|Win32
		{244FAA45-FEAE-4CCC-A7B0-95B671E263C4}.Release_MD|Mixed Platforms.ActiveCfg = Release|Win32
		{244FAA45-FEAE-4CCC-A7B0-95B671E263C4}.Release_MD|Mixed Platforms.Build.0 = Release|Win32
		{244FAA45-FEAE-4CCC-A7B0-95B671E263C4}.Release_MD|Win32.ActiveCfg = Release|Win32
		{244FAA45-FEAE-4CCC-A7B0-95B671E263C4}.Release_MD|Win32.Build.0 = Release|Win32
		{244FAA45-FEAE-4CCC-A7B0-95B671E263C4}.Release_MT|Any CPU.ActiveCfg = Release|Win32
		{244FAA45-FEAE-4CCC-A7B0-95B671E263C4}.Release_MT|Mixed Platforms.ActiveCfg = Release|Win32
		{244FAA45-FEAE-4CCC-A7B0-95B671E263C4}.Release_MT|Mixed Platforms.Build.0 = Release|Win32
		{244FAA45-FEAE-4CCC-A7B0-95B671E263C4}.Release_MT|Win32.ActiveCfg = Release|Win32
		{244FAA45-FEAE-4CCC-A7B0-95B671E263C4}.Release_MT|Win32.Build.0 = Release|Win32
		{244FAA45-FEAE-4CCC-A7B0-95B671E263C4}.Release|Any CPU.ActiveCfg = Release|Win32
		{244FAA45-FEAE-4CCC-A7B0-95B671E263C4}.Release|Mixed Platforms.ActiveCfg = Release|Win32
		{244FAA45-FEAE-4CCC-A7B0-95B671E263C4}.Release|Mixed Platforms.Build.0 = Release|Win32
		{244FAA45-FEAE-4CCC-A7B0-95B671E263C4}.Release|Win32.ActiveCfg = Release|Win32
		{244FAA45-FEAE-4CCC-A7B0-95B671E263C4}.Release|Win32.Build.0 = Release|Win32
		{C3BF632E-49C2-4392-8A4A-E4F89CAE1A07}.Debug_MDd|Any CPU.ActiveCfg = Debug|Win32
		{C3BF632E-49C2-4392-8A4A-E4F89CAE1A07}.Debug_MDd|Mixed Platforms.ActiveCfg = Debug|Win32
		{C3BF632E-49C2-4392-8A4A-E4F89CAE1A07}.Debug_MDd|Mixed Platforms.Build.0 = Debug|Win32
		{C3BF632E-49C2-4392-8A4A-E4F89CAE1A07}.Debug_MDd|Win32.ActiveCfg = Debug|Win32
		{C3BF632E-49C2-4392-8A4A-E4F89CAE1A07}.Debug_MDd|Win32.Build.0 = Debug|Win32
		{C3BF632E-49C2-4392-8A4A-E4F89CAE1A07}.Debug_MTd|Any CPU.ActiveCfg = Debug|Win32
		{C3BF632E-49C2-4392-8A4A-E4F89CAE1A07}.Debug_MTd|Mixed Platforms.ActiveCfg = Debug|Win32
		{C3BF632E-49C2-4392-8A4A-E4F89CAE1A07}.Debug_MTd|Mixed Platforms.Build.0 = Debug|Win32
		{C3BF632E-49C2-4392-8A4A-E4F89CAE1A07}.Debug_MTd|Win32.ActiveCfg = Debug|Win32
		{C3BF632E-49C2-4392-8A4A-E4F89CAE1A07}.Debug_MTd|Win32.Build.0 = Debug|Win32
		{C3BF632E-49C2-4392-8A4A-E4F89CAE1A07}.Debug|Any CPU.ActiveCfg = Debug|Win32
		{C3BF632E-49C2-4392-8A4A-E4F89CAE1A07}.Debug|Mixed Platforms.ActiveCfg = Debug|Win32
		{C3BF632E-49C2-4392-8A4A-E4F89CAE1A07}.Debug|Mixed Platforms.Build.0 = Debug|Win32
		{C3BF632E-49C2-4392-8A4A-E4F89CAE1A07}.Debug|Win32.ActiveCfg = Debug|Win32
		{C3BF632E-49C2-4392-8A4A-E4F89CAE1A07}.Debug|Win32.Build.0 = Debug|Win32
		{C3BF632E-49C2-4392-8A4A-E4F89CAE1A07}.Release_MD|Any CPU.ActiveCfg = Release|Win32
		{C3BF632E-49C2-4392-8A4A-E4F89CAE1A07}.Release_MD|Mixed Platforms.ActiveCfg = Release|Win32
		{C3BF632E-49C2-4392-8A4A-E4F89CAE1A07}.Release_MD|Mixed Platforms.Build.0 = Release|Win32
		{C3BF632E-49C2-4392-8A4A-E4F89CAE1A07}.Release_MD|Win32.ActiveCfg = Release|Win32
		{C3BF632E-49C2-4392-8A4A-E4F89CAE1A07}.Release_MD|Win32.Build.0 = Release|Win32
		{C3BF632E-49C2-4392-8A4A-E4F89CAE1A07}.Release_MT|Any CPU.ActiveCfg = Release|Win32
		{C3BF632E-49C2-4392-8A4A-E4F89CAE1A07}.Release_MT|Mixed Platforms.ActiveCfg = Release|Win32
		{C3BF632E-49C2-4392-8A4A-E4F89CAE1A07}.Release_MT|Mixed Platforms.Build.0 = Release|Win32
		{C3BF632E-49C2-4392-8A4A-E4F89CAE1A07}.Release_MT|Win32.ActiveCfg = Release|Win32
		{C3BF632E-49C2-4392-8A4A-E4F89CAE1A07}.Release_MT|Win32.Build.0 = Release|Win32
		{C3BF632E-49C2-4392-8A4A-E4F89CAE1A07}.Release|Any CPU.ActiveCfg = Release|Win32
		{C3BF632E-49C2-4392-8A4A-E4F89CAE1A07}.Release|Mixed Platforms.ActiveCfg = Release|Win32
		{C3BF632E-49C2-4392-8A4A-E4F89CAE1A07}.Release|Mixed Platforms.Build.0 = Release|Win32
		{C3BF632E-49C2-4392-8A4A-E4F89CAE1A07}.Release|Win32.ActiveCfg = Release|Win32
		{C3BF632E-49C2-4392-8A4A-E4F89CAE1A07}.Release|Win32.Build.0 = Release|Win32
		{47027A66-6BDB-486A-BA94-D90DA0AD5636}.Debug_MDd|Any CPU.ActiveCfg = Debug|Win32
		{47027A66-6BDB-486A-BA94-D90DA0AD5636}.Debug_MDd|Mixed Platforms.ActiveCfg = Debug|Win32
		{47027A66-6BDB-486A-BA94-D90DA0AD5636}.Debug_MDd|Mixed Platforms.Build.0 = Debug|Win32
		{47027A66-6BDB-486A-BA94-D90DA0AD5636}.Debug_MDd|Win32.ActiveCfg = Debug|Win32
		{47027A66-6BDB-486A-BA94-D90DA0AD5636}.Debug_MDd|Win32.Build.0 = Debug|Win32
		{47027A66-6BDB-486A-BA94-D90DA0AD5636}.Debug_MTd|Any CPU.ActiveCfg = Debug|Win32
		{47027A66-6BDB-486A-BA94-D90DA0AD5636}.Debug_MTd|Mixed Platforms.ActiveCfg = Debug|Win32
		{47027A66-6BDB-486A-BA94-D90DA0AD5636}.Debug_MTd|Mixed Platforms.Build.0 = Debug|Win32
		{47027A66-6BDB-486A-BA94-D90DA0AD5636}.Debug_MTd|Win32.ActiveCfg = Debug|Win32
		{47027A66-6BDB-486A-BA94-D90DA0AD5636}.Debug_MTd|Win32.Build.0 = Debug|Win32
		{47027A66-6BDB-486A-BA94-D90DA0AD5636}.Debug|Any CPU.ActiveCfg = Debug|Win32
		{47027A66-6BDB-486A-BA94-D90DA0AD5636}.Debug|Mixed Platforms.ActiveCfg = Debug|Win32
		{47027A66-6BDB-486A-BA94-D90DA0AD5636}.Debug|Mixed Platforms.Build.0 = Debug|Win32
		{47027A66-6BDB-486A-BA94-D90DA0AD5636}.Debug|Win32.ActiveCfg = Debug|Win32
		{47027A66-6BDB-486A-BA94-D90DA0AD5636}.Debug|Win32.Build.0 = Debug|Win32
		{47027A66-6BDB-486A-BA94-D90DA0AD5636}.Release_MD|Any CPU.ActiveCfg = Release|Win32
		{47027A66-6BDB-486A-BA94-D90DA0AD5636}.Release_MD|Mixed Platforms.ActiveCfg = Release|Win32
		{47027A66-6BDB-486A-BA94-D90DA0AD5636}.Release_MD|Mixed Platforms.Build.0 = Release|Win32
		{47027A66-6BDB-486A-BA94-D90DA0AD5636}.Release_MD|Win32.ActiveCfg = Release|Win32
		{47027A66-6BDB-486A-BA94-D90DA0AD5636}.Release_MD|Win32.Build.0 = Release|Win32
		{47027A66-6BDB-486A-BA94-D90DA0AD5636}.Release_MT|Any CPU.ActiveCfg = Release|Win32
		{47027A66-6BDB-486A-BA94-D90DA0AD5636}.Release_MT|Mixed Platforms.ActiveCfg = Release|Win32
		{47027A66-6BDB-486A-BA94-D90DA0AD5636}.Release_MT|Mixed Platforms.Build.0 = Release|Win32
		{47027A66-6BDB-486A-BA94-D90DA0AD5636}.Release_MT|Win32.ActiveCfg = Release|Win32
		{47027A66-6BDB-486A-BA94-D90DA0AD5636}.Release_MT|Win32.Build.0 = Release|Win32
		{47027A66-6BDB-486A-BA94-D90DA0AD5636}.Release|Any CPU.ActiveCfg = Release|Win32
		{47027A66-6BDB-486A-BA94-D90DA0AD5636}.Release|Mixed Platforms.ActiveCfg = Release|Win32
		{47027A66-6BDB-486A-BA94-D90DA0AD5636}.Release|Mixed Platforms.Build.0 = Release|Win32
		{47027A66-6BDB-486A-BA94-D90DA0AD5636}.Release|Win32.ActiveCfg = Release|Win32
		{47027A66-6BDB-486A-BA94-D90DA0AD5636}.Release|Win32.Build.0 = Release|Win32
	EndGlobalSection
	GlobalSection(SolutionProperties) = preSolution
		HideSolutionNode = FALSE
	EndGlobalSection
	GlobalSection(NestedProjects) = preSolution
		{E0493485-14CA-4053-B197-0E05E1B7A17A} = {AF45FA5A-2D5D-4A28-8915-FCC80CA7719D}
		{2E8ECDA0-10EE-4C67-A3AD-CD751CDBA285} = {AF45FA5A-2D5D-4A28-8915-FCC80CA7719D}
		{C7176B4B-E214-4D12-8A88-F680504F0493} = {B2817DC1-3338-49C2-BADF-3F1EDD2B17CD}
		{244FAA45-FEAE-4CCC-A7B0-95B671E263C4} = {B2817DC1-3338-49C2-BADF-3F1EDD2B17CD}
		{C3BF632E-49C2-4392-8A4A-E4F89CAE1A07} = {B2817DC1-3338-49C2-BADF-3F1EDD2B17CD}
		{47027A66-6BDB-486A-BA94-D90DA0AD5636} = {B2817DC1-3338-49C2-BADF-3F1EDD2B17CD}
		{B54EA48B-F6A5-4B24-8248-52FE134BB25A} = {2E8ECDA0-10EE-4C67-A3AD-CD751CDBA285}
		{75D39343-F18B-4E10-AEEB-8A58E136CC87} = {2E8ECDA0-10EE-4C67-A3AD-CD751CDBA285}
	EndGlobalSection
EndGlobal
